
Microsoft Visual Studio Solution File, Format Version 12.00
# Visual Studio 15
VisualStudioVersion = 15.0.27130.2036
MinimumVisualStudioVersion = 10.0.40219.1
Project("{2150E333-8FDC-42A3-9474-1A3956D46DE8}") = "Externals", "Externals", "{15F45D3F-4B0D-421B-AD1F-83E81B16DD5F}"
	ProjectSection(SolutionItems) = preProject
		.gitattributes = .gitattributes
		.gitignore = .gitignore
		README.md = README.md
	EndProjectSection
EndProject
Project("{FAE04EC0-301F-11D3-BF4B-00C04F79EFBC}") = "PersianCalendar", "PersianCalendar\PersianCalendar.csproj", "{CD6212D8-ACE3-4B1F-B88A-F6D764198F7D}"
EndProject
Global
	GlobalSection(SolutionConfigurationPlatforms) = preSolution
		Debug|ARM = Debug|ARM
		Debug|x64 = Debug|x64
		Debug|x86 = Debug|x86
		Release|ARM = Release|ARM
		Release|x64 = Release|x64
		Release|x86 = Release|x86
	EndGlobalSection
	GlobalSection(ProjectConfigurationPlatforms) = postSolution
		{CD6212D8-ACE3-4B1F-B88A-F6D764198F7D}.Debug|ARM.ActiveCfg = Debug|ARM
		{CD6212D8-ACE3-4B1F-B88A-F6D764198F7D}.Debug|ARM.Build.0 = Debug|ARM
		{CD6212D8-ACE3-4B1F-B88A-F6D764198F7D}.Debug|ARM.Deploy.0 = Debug|ARM
		{CD6212D8-ACE3-4B1F-B88A-F6D764198F7D}.Debug|x64.ActiveCfg = Debug|x64
		{CD6212D8-ACE3-4B1F-B88A-F6D764198F7D}.Debug|x64.Build.0 = Debug|x64
		{CD6212D8-ACE3-4B1F-B88A-F6D764198F7D}.Debug|x64.Deploy.0 = Debug|x64
		{CD6212D8-ACE3-4B1F-B88A-F6D764198F7D}.Debug|x86.ActiveCfg = Debug|x86
		{CD6212D8-ACE3-4B1F-B88A-F6D764198F7D}.Debug|x86.Build.0 = Debug|x86
		{CD6212D8-ACE3-4B1F-B88A-F6D764198F7D}.Debug|x86.Deploy.0 = Debug|x86
		{CD6212D8-ACE3-4B1F-B88A-F6D764198F7D}.Release|ARM.ActiveCfg = Release|ARM
		{CD6212D8-ACE3-4B1F-B88A-F6D764198F7D}.Release|ARM.Build.0 = Release|ARM
		{CD6212D8-ACE3-4B1F-B88A-F6D764198F7D}.Release|ARM.Deploy.0 = Release|ARM
		{CD6212D8-ACE3-4B1F-B88A-F6D764198F7D}.Release|x64.ActiveCfg = Release|x64
		{CD6212D8-ACE3-4B1F-B88A-F6D764198F7D}.Release|x64.Build.0 = Release|x64
		{CD6212D8-ACE3-4B1F-B88A-F6D764198F7D}.Release|x64.Deploy.0 = Release|x64
		{CD6212D8-ACE3-4B1F-B88A-F6D764198F7D}.Release|x86.ActiveCfg = Release|x86
		{CD6212D8-ACE3-4B1F-B88A-F6D764198F7D}.Release|x86.Build.0 = Release|x86
		{CD6212D8-ACE3-4B1F-B88A-F6D764198F7D}.Release|x86.Deploy.0 = Release|x86
	EndGlobalSection
	GlobalSection(SolutionProperties) = preSolution
		HideSolutionNode = FALSE
	EndGlobalSection
	GlobalSection(ExtensibilityGlobals) = postSolution
		SolutionGuid = {0441EDDE-E53B-4E14-B41A-1506CAEA459A}
	EndGlobalSection
EndGlobal
